// !$*UTF8*$!
{
	archiveVersion = 1;
	classes = {
	};
	objectVersion = 52;
	objects = {

/* Begin PBXBuildFile section */
		81FE77B7265D2C2C00E515D5 /* ImageMagickTestProjectApp.swift in Sources */ = {isa = PBXBuildFile; fileRef = 81FE77B6265D2C2C00E515D5 /* ImageMagickTestProjectApp.swift */; };
		81FE77B9265D2C2C00E515D5 /* ContentView.swift in Sources */ = {isa = PBXBuildFile; fileRef = 81FE77B8265D2C2C00E515D5 /* ContentView.swift */; };
		81FE77BB265D2C3100E515D5 /* Assets.xcassets in Resources */ = {isa = PBXBuildFile; fileRef = 81FE77BA265D2C3100E515D5 /* Assets.xcassets */; };
		81FE77BE265D2C3100E515D5 /* Preview Assets.xcassets in Resources */ = {isa = PBXBuildFile; fileRef = 81FE77BD265D2C3100E515D5 /* Preview Assets.xcassets */; };
		81FE77FA265D2EF300E515D5 /* ImageMagickUser in Frameworks */ = {isa = PBXBuildFile; productRef = 81FE77F9265D2EF300E515D5 /* ImageMagickUser */; };
/* End PBXBuildFile section */

/* Begin PBXFileReference section */
		81FE77B3265D2C2C00E515D5 /* ImageMagickTestProject.app */ = {isa = PBXFileReference; explicitFileType = wrapper.application; includeInIndex = 0; path = ImageMagickTestProject.app; sourceTree = BUILT_PRODUCTS_DIR; };
		81FE77B6265D2C2C00E515D5 /* ImageMagickTestProjectApp.swift */ = {isa = PBXFileReference; lastKnownFileType = sourcecode.swift; path = ImageMagickTestProjectApp.swift; sourceTree = "<group>"; };
		81FE77B8265D2C2C00E515D5 /* ContentView.swift */ = {isa = PBXFileReference; lastKnownFileType = sourcecode.swift; path = ContentView.swift; sourceTree = "<group>"; };
		81FE77BA265D2C3100E515D5 /* Assets.xcassets */ = {isa = PBXFileReference; lastKnownFileType = folder.assetcatalog; path = Assets.xcassets; sourceTree = "<group>"; };
		81FE77BD265D2C3100E515D5 /* Preview Assets.xcassets */ = {isa = PBXFileReference; lastKnownFileType = folder.assetcatalog; path = "Preview Assets.xcassets"; sourceTree = "<group>"; };
		81FE77BF265D2C3100E515D5 /* Info.plist */ = {isa = PBXFileReference; lastKnownFileType = text.plist.xml; path = Info.plist; sourceTree = "<group>"; };
		81FE77F6265D2C9500E515D5 /* ImageMagick */ = {isa = PBXFileReference; lastKnownFileType = folder; path = ImageMagick; sourceTree = "<group>"; };
		81FE77F7265D2C9500E515D5 /* ImageMagickUser */ = {isa = PBXFileReference; lastKnownFileType = folder; path = ImageMagickUser; sourceTree = "<group>"; };
/* End PBXFileReference section */

/* Begin PBXFrameworksBuildPhase section */
		81FE77B0265D2C2C00E515D5 /* Frameworks */ = {
			isa = PBXFrameworksBuildPhase;
			buildActionMask = 2147483647;
			files = (
				81FE77FA265D2EF300E515D5 /* ImageMagickUser in Frameworks */,
			);
			runOnlyForDeploymentPostprocessing = 0;
		};
/* End PBXFrameworksBuildPhase section */

/* Begin PBXGroup section */
		81FE77AA265D2C2C00E515D5 = {
			isa = PBXGroup;
			children = (
				81FE77C5265D2C8400E515D5 /* LocalPackages */,
				81FE77B5265D2C2C00E515D5 /* ImageMagickTestProject */,
				81FE77B4265D2C2C00E515D5 /* Products */,
				81FE77F8265D2EF300E515D5 /* Frameworks */,
			);
			sourceTree = "<group>";
		};
		81FE77B4265D2C2C00E515D5 /* Products */ = {
			isa = PBXGroup;
			children = (
				81FE77B3265D2C2C00E515D5 /* ImageMagickTestProject.app */,
			);
			name = Products;
			sourceTree = "<group>";
		};
		81FE77B5265D2C2C00E515D5 /* ImageMagickTestProject */ = {
			isa = PBXGroup;
			children = (
				81FE77B6265D2C2C00E515D5 /* ImageMagickTestProjectApp.swift */,
				81FE77B8265D2C2C00E515D5 /* ContentView.swift */,
				81FE77BA265D2C3100E515D5 /* Assets.xcassets */,
				81FE77BF265D2C3100E515D5 /* Info.plist */,
				81FE77BC265D2C3100E515D5 /* Preview Content */,
			);
			path = ImageMagickTestProject;
			sourceTree = "<group>";
		};
		81FE77BC265D2C3100E515D5 /* Preview Content */ = {
			isa = PBXGroup;
			children = (
				81FE77BD265D2C3100E515D5 /* Preview Assets.xcassets */,
			);
			path = "Preview Content";
			sourceTree = "<group>";
		};
		81FE77C5265D2C8400E515D5 /* LocalPackages */ = {
			isa = PBXGroup;
			children = (
				81FE77F6265D2C9500E515D5 /* ImageMagick */,
				81FE77F7265D2C9500E515D5 /* ImageMagickUser */,
			);
			path = LocalPackages;
			sourceTree = "<group>";
		};
		81FE77F8265D2EF300E515D5 /* Frameworks */ = {
			isa = PBXGroup;
			children = (
			);
			name = Frameworks;
			sourceTree = "<group>";
		};
/* End PBXGroup section */

/* Begin PBXNativeTarget section */
		81FE77B2265D2C2C00E515D5 /* ImageMagickTestProject */ = {
			isa = PBXNativeTarget;
			buildConfigurationList = 81FE77C2265D2C3100E515D5 /* Build configuration list for PBXNativeTarget "ImageMagickTestProject" */;
			buildPhases = (
				81FE77AF265D2C2C00E515D5 /* Sources */,
				81FE77B0265D2C2C00E515D5 /* Frameworks */,
				81FE77B1265D2C2C00E515D5 /* Resources */,
			);
			buildRules = (
			);
			dependencies = (
			);
			name = ImageMagickTestProject;
			packageProductDependencies = (
				81FE77F9265D2EF300E515D5 /* ImageMagickUser */,
			);
			productName = ImageMagickTestProject;
			productReference = 81FE77B3265D2C2C00E515D5 /* ImageMagickTestProject.app */;
			productType = "com.apple.product-type.application";
		};
/* End PBXNativeTarget section */

/* Begin PBXProject section */
		81FE77AB265D2C2C00E515D5 /* Project object */ = {
			isa = PBXProject;
			attributes = {
				LastSwiftUpdateCheck = 1250;
				LastUpgradeCheck = 1250;
				TargetAttributes = {
					81FE77B2265D2C2C00E515D5 = {
						CreatedOnToolsVersion = 12.5;
					};
				};
			};
			buildConfigurationList = 81FE77AE265D2C2C00E515D5 /* Build configuration list for PBXProject "ImageMagickTestProject" */;
			compatibilityVersion = "Xcode 9.3";
			developmentRegion = en;
			hasScannedForEncodings = 0;
			knownRegions = (
				en,
				Base,
			);
			mainGroup = 81FE77AA265D2C2C00E515D5;
			productRefGroup = 81FE77B4265D2C2C00E515D5 /* Products */;
			projectDirPath = "";
			projectRoot = "";
			targets = (
				81FE77B2265D2C2C00E515D5 /* ImageMagickTestProject */,
			);
		};
/* End PBXProject section */

/* Begin PBXResourcesBuildPhase section */
		81FE77B1265D2C2C00E515D5 /* Resources */ = {
			isa = PBXResourcesBuildPhase;
			buildActionMask = 2147483647;
			files = (
				81FE77BE265D2C3100E515D5 /* Preview Assets.xcassets in Resources */,
				81FE77BB265D2C3100E515D5 /* Assets.xcassets in Resources */,
			);
			runOnlyForDeploymentPostprocessing = 0;
		};
/* End PBXResourcesBuildPhase section */

/* Begin PBXSourcesBuildPhase section */
		81FE77AF265D2C2C00E515D5 /* Sources */ = {
			isa = PBXSourcesBuildPhase;
			buildActionMask = 2147483647;
			files = (
				81FE77B9265D2C2C00E515D5 /* ContentView.swift in Sources */,
				81FE77B7265D2C2C00E515D5 /* ImageMagickTestProjectApp.swift in Sources */,
			);
			runOnlyForDeploymentPostprocessing = 0;
		};
/* End PBXSourcesBuildPhase section */

/* Begin XCBuildConfiguration section */
		81FE77C0265D2C3100E515D5 /* Debug */ = {
			isa = XCBuildConfiguration;
			buildSettings = {
				ALWAYS_SEARCH_USER_PATHS = NO;
				CLANG_ANALYZER_NONNULL = YES;
				CLANG_ANALYZER_NUMBER_OBJECT_CONVERSION = YES_AGGRESSIVE;
				CLANG_CXX_LANGUAGE_STANDARD = "gnu++14";
				CLANG_CXX_LIBRARY = "libc++";
				CLANG_ENABLE_MODULES = YES;
				CLANG_ENABLE_OBJC_ARC = YES;
				CLANG_ENABLE_OBJC_WEAK = YES;
				CLANG_WARN_BLOCK_CAPTURE_AUTORELEASING = YES;
				CLANG_WARN_BOOL_CONVERSION = YES;
				CLANG_WARN_COMMA = YES;
				CLANG_WARN_CONSTANT_CONVERSION = YES;
				CLANG_WARN_DEPRECATED_OBJC_IMPLEMENTATIONS = YES;
				CLANG_WARN_DIRECT_OBJC_ISA_USAGE = YES_ERROR;
				CLANG_WARN_DOCUMENTATION_COMMENTS = YES;
				CLANG_WARN_EMPTY_BODY = YES;
				CLANG_WARN_ENUM_CONVERSION = YES;
				CLANG_WARN_INFINITE_RECURSION = YES;
				CLANG_WARN_INT_CONVERSION = YES;
				CLANG_WARN_NON_LITERAL_NULL_CONVERSION = YES;
				CLANG_WARN_OBJC_IMPLICIT_RETAIN_SELF = YES;
				CLANG_WARN_OBJC_LITERAL_CONVERSION = YES;
				CLANG_WARN_OBJC_ROOT_CLASS = YES_ERROR;
				CLANG_WARN_QUOTED_INCLUDE_IN_FRAMEWORK_HEADER = YES;
				CLANG_WARN_RANGE_LOOP_ANALYSIS = YES;
				CLANG_WARN_STRICT_PROTOTYPES = YES;
				CLANG_WARN_SUSPICIOUS_MOVE = YES;
				CLANG_WARN_UNGUARDED_AVAILABILITY = YES_AGGRESSIVE;
				CLANG_WARN_UNREACHABLE_CODE = YES;
				CLANG_WARN__DUPLICATE_METHOD_MATCH = YES;
				COPY_PHASE_STRIP = NO;
				DEBUG_INFORMATION_FORMAT = dwarf;
				ENABLE_STRICT_OBJC_MSGSEND = YES;
				ENABLE_TESTABILITY = YES;
				GCC_C_LANGUAGE_STANDARD = gnu11;
				GCC_DYNAMIC_NO_PIC = NO;
				GCC_NO_COMMON_BLOCKS = YES;
				GCC_OPTIMIZATION_LEVEL = 0;
				GCC_PREPROCESSOR_DEFINITIONS = (
					"DEBUG=1",
					"$(inherited)",
				);
				GCC_WARN_64_TO_32_BIT_CONVERSION = YES;
				GCC_WARN_ABOUT_RETURN_TYPE = YES_ERROR;
				GCC_WARN_UNDECLARED_SELECTOR = YES;
				GCC_WARN_UNINITIALIZED_AUTOS = YES_AGGRESSIVE;
				GCC_WARN_UNUSED_FUNCTION = YES;
				GCC_WARN_UNUSED_VARIABLE = YES;
				IPHONEOS_DEPLOYMENT_TARGET = 14.5;
				MTL_ENABLE_DEBUG_INFO = INCLUDE_SOURCE;
				MTL_FAST_MATH = YES;
				ONLY_ACTIVE_ARCH = YES;
				SDKROOT = iphoneos;
				SWIFT_ACTIVE_COMPILATION_CONDITIONS = DEBUG;
				SWIFT_OPTIMIZATION_LEVEL = "-Onone";
			};
			name = Debug;
		};
		81FE77C1265D2C3100E515D5 /* Release */ = {
			isa = XCBuildConfiguration;
			buildSettings = {
				ALWAYS_SEARCH_USER_PATHS = NO;
				CLANG_ANALYZER_NONNULL = YES;
				CLANG_ANALYZER_NUMBER_OBJECT_CONVERSION = YES_AGGRESSIVE;
				CLANG_CXX_LANGUAGE_STANDARD = "gnu++14";
				CLANG_CXX_LIBRARY = "libc++";
				CLANG_ENABLE_MODULES = YES;
				CLANG_ENABLE_OBJC_ARC = YES;
				CLANG_ENABLE_OBJC_WEAK = YES;
				CLANG_WARN_BLOCK_CAPTURE_AUTORELEASING = YES;
				CLANG_WARN_BOOL_CONVERSION = YES;
				CLANG_WARN_COMMA = YES;
				CLANG_WARN_CONSTANT_CONVERSION = YES;
				CLANG_WARN_DEPRECATED_OBJC_IMPLEMENTATIONS = YES;
				CLANG_WARN_DIRECT_OBJC_ISA_USAGE = YES_ERROR;
				CLANG_WARN_DOCUMENTATION_COMMENTS = YES;
				CLANG_WARN_EMPTY_BODY = YES;
				CLANG_WARN_ENUM_CONVERSION = YES;
				CLANG_WARN_INFINITE_RECURSION = YES;
				CLANG_WARN_INT_CONVERSION = YES;
				CLANG_WARN_NON_LITERAL_NULL_CONVERSION = YES;
				CLANG_WARN_OBJC_IMPLICIT_RETAIN_SELF = YES;
				CLANG_WARN_OBJC_LITERAL_CONVERSION = YES;
				CLANG_WARN_OBJC_ROOT_CLASS = YES_ERROR;
				CLANG_WARN_QUOTED_INCLUDE_IN_FRAMEWORK_HEADER = YES;
				CLANG_WARN_RANGE_LOOP_ANALYSIS = YES;
				CLANG_WARN_STRICT_PROTOTYPES = YES;
				CLANG_WARN_SUSPICIOUS_MOVE = YES;
				CLANG_WARN_UNGUARDED_AVAILABILITY = YES_AGGRESSIVE;
				CLANG_WARN_UNREACHABLE_CODE = YES;
				CLANG_WARN__DUPLICATE_METHOD_MATCH = YES;
				COPY_PHASE_STRIP = NO;
				DEBUG_INFORMATION_FORMAT = "dwarf-with-dsym";
				ENABLE_NS_ASSERTIONS = NO;
				ENABLE_STRICT_OBJC_MSGSEND = YES;
				GCC_C_LANGUAGE_STANDARD = gnu11;
				GCC_NO_COMMON_BLOCKS = YES;
				GCC_WARN_64_TO_32_BIT_CONVERSION = YES;
				GCC_WARN_ABOUT_RETURN_TYPE = YES_ERROR;
				GCC_WARN_UNDECLARED_SELECTOR = YES;
				GCC_WARN_UNINITIALIZED_AUTOS = YES_AGGRESSIVE;
				GCC_WARN_UNUSED_FUNCTION = YES;
				GCC_WARN_UNUSED_VARIABLE = YES;
				IPHONEOS_DEPLOYMENT_TARGET = 14.5;
				MTL_ENABLE_DEBUG_INFO = NO;
				MTL_FAST_MATH = YES;
				SDKROOT = iphoneos;
				SWIFT_COMPILATION_MODE = wholemodule;
				SWIFT_OPTIMIZATION_LEVEL = "-O";
				VALIDATE_PRODUCT = YES;
			};
			name = Release;
		};
		81FE77C3265D2C3100E515D5 /* Debug */ = {
			isa = XCBuildConfiguration;
			buildSettings = {
				ASSETCATALOG_COMPILER_APPICON_NAME = AppIcon;
				ASSETCATALOG_COMPILER_GLOBAL_ACCENT_COLOR_NAME = AccentColor;
				CODE_SIGN_STYLE = Automatic;
				DEVELOPMENT_ASSET_PATHS = "\"ImageMagickTestProject/Preview Content\"";
				DEVELOPMENT_TEAM = DQUP2N63KG;
				ENABLE_PREVIEWS = YES;
				INFOPLIST_FILE = ImageMagickTestProject/Info.plist;
				IPHONEOS_DEPLOYMENT_TARGET = 14.0;
				LD_RUNPATH_SEARCH_PATHS = (
					"$(inherited)",
					"@executable_path/Frameworks",
				);
				PRODUCT_BUNDLE_IDENTIFIER = com.grandima.ImageMagickTestProject;
				PRODUCT_NAME = "$(TARGET_NAME)";
				SWIFT_VERSION = 5.0;
				TARGETED_DEVICE_FAMILY = "1,2";
			};
			name = Debug;
		};
		81FE77C4265D2C3100E515D5 /* Release */ = {
			isa = XCBuildConfiguration;
			buildSettings = {
				ASSETCATALOG_COMPILER_APPICON_NAME = AppIcon;
				ASSETCATALOG_COMPILER_GLOBAL_ACCENT_COLOR_NAME = AccentColor;
				CODE_SIGN_STYLE = Automatic;
				DEVELOPMENT_ASSET_PATHS = "\"ImageMagickTestProject/Preview Content\"";
				DEVELOPMENT_TEAM = DQUP2N63KG;
				ENABLE_PREVIEWS = YES;
				INFOPLIST_FILE = ImageMagickTestProject/Info.plist;
				IPHONEOS_DEPLOYMENT_TARGET = 14.0;
				LD_RUNPATH_SEARCH_PATHS = (
					"$(inherited)",
					"@executable_path/Frameworks",
				);
				PRODUCT_BUNDLE_IDENTIFIER = com.grandima.ImageMagickTestProject;
				PRODUCT_NAME = "$(TARGET_NAME)";
				SWIFT_VERSION = 5.0;
				TARGETED_DEVICE_FAMILY = "1,2";
			};
			name = Release;
		};
/* End XCBuildConfiguration section */

/* Begin XCConfigurationList section */
		81FE77AE265D2C2C00E515D5 /* Build configuration list for PBXProject "ImageMagickTestProject" */ = {
			isa = XCConfigurationList;
			buildConfigurations = (
				81FE77C0265D2C3100E515D5 /* Debug */,
				81FE77C1265D2C3100E515D5 /* Release */,
			);
			defaultConfigurationIsVisible = 0;
			defaultConfigurationName = Release;
		};
		81FE77C2265D2C3100E515D5 /* Build configuration list for PBXNativeTarget "ImageMagickTestProject" */ = {
			isa = XCConfigurationList;
			buildConfigurations = (
				81FE77C3265D2C3100E515D5 /* Debug */,
				81FE77C4265D2C3100E515D5 /* Release */,
			);
			defaultConfigurationIsVisible = 0;
			defaultConfigurationName = Release;
		};
/* End XCConfigurationList section */

/* Begin XCSwiftPackageProductDependency section */
		81FE77F9265D2EF300E515D5 /* ImageMagickUser */ = {
			isa = XCSwiftPackageProductDependency;
			productName = ImageMagickUser;
		};
/* End XCSwiftPackageProductDependency section */
	};
	rootObject = 81FE77AB265D2C2C00E515D5 /* Project object */;
}
